
Microsoft Visual Studio Solution File, Format Version 12.00
# Visual Studio 2012
Project("{FAE04EC0-301F-11D3-BF4B-00C04F79EFBC}") = "MailboxLogParser", "MailboxLogParser\MailboxLogParser.csproj", "{2ADB6384-E480-4F52-BAEB-A092A2610494}"
EndProject
Project("{FAE04EC0-301F-11D3-BF4B-00C04F79EFBC}") = "MailboxLogParser.Common", "MailboxLogParser.Common\MailboxLogParser.Common.csproj", "{3A2BEDD4-69AA-40B1-A55B-21F0FB9542D6}"
EndProject
Global
	GlobalSection(TeamFoundationVersionControl) = preSolution
		SccNumberOfProjects = 3
		SccEnterpriseProvider = {4CA58AB2-18FA-4F8D-95D4-32DDF27D184C}
		SccTeamFoundationServer = https://tfs.codeplex.com/tfs/tfs29
		SccLocalPath0 = .
		SccProjectUniqueName1 = MailboxLogParser.Common\\MailboxLogParser.Common.csproj
		SccProjectName1 = MailboxLogParser.Common
		SccLocalPath1 = MailboxLogParser.Common
		SccProjectUniqueName2 = MailboxLogParser\\MailboxLogParser.csproj
		SccProjectName2 = MailboxLogParser
		SccLocalPath2 = MailboxLogParser
	EndGlobalSection
	GlobalSection(SolutionConfigurationPlatforms) = preSolution
		Debug|Any CPU = Debug|Any CPU
		Release|Any CPU = Release|Any CPU
	EndGlobalSection
	GlobalSection(ProjectConfigurationPlatforms) = postSolution
		{2ADB6384-E480-4F52-BAEB-A092A2610494}.Debug|Any CPU.ActiveCfg = Debug|Any CPU
		{2ADB6384-E480-4F52-BAEB-A092A2610494}.Debug|Any CPU.Build.0 = Debug|Any CPU
		{2ADB6384-E480-4F52-BAEB-A092A2610494}.Release|Any CPU.ActiveCfg = Release|Any CPU
		{2ADB6384-E480-4F52-BAEB-A092A2610494}.Release|Any CPU.Build.0 = Release|Any CPU
		{3A2BEDD4-69AA-40B1-A55B-21F0FB9542D6}.Debug|Any CPU.ActiveCfg = Debug|Any CPU
		{3A2BEDD4-69AA-40B1-A55B-21F0FB9542D6}.Debug|Any CPU.Build.0 = Debug|Any CPU
		{3A2BEDD4-69AA-40B1-A55B-21F0FB9542D6}.Release|Any CPU.ActiveCfg = Release|Any CPU
		{3A2BEDD4-69AA-40B1-A55B-21F0FB9542D6}.Release|Any CPU.Build.0 = Release|Any CPU
	EndGlobalSection
	GlobalSection(SolutionProperties) = preSolution
		HideSolutionNode = FALSE
	EndGlobalSection
EndGlobal
